
Microsoft Visual Studio Solution File, Format Version 12.00
# Visual Studio Version 16
VisualStudioVersion = 16.0.32802.440
MinimumVisualStudioVersion = 10.0.40219.1
Project("{FAE04EC0-301F-11D3-BF4B-00C04F79EFBC}") = "Arithmetic operators", "Arithmetic operators.csproj", "{B25E3CFE-9422-4158-98D3-5D74A354E713}"
EndProject
Global
	GlobalSection(SolutionConfigurationPlatforms) = preSolution
		Debug|Any CPU = Debug|Any CPU
		Release|Any CPU = Release|Any CPU
	EndGlobalSection
	GlobalSection(ProjectConfigurationPlatforms) = postSolution
		{B25E3CFE-9422-4158-98D3-5D74A354E713}.Debug|Any CPU.ActiveCfg = Debug|Any CPU
		{B25E3CFE-9422-4158-98D3-5D74A354E713}.Debug|Any CPU.Build.0 = Debug|Any CPU
		{B25E3CFE-9422-4158-98D3-5D74A354E713}.Release|Any CPU.ActiveCfg = Release|Any CPU
		{B25E3CFE-9422-4158-98D3-5D74A354E713}.Release|Any CPU.Build.0 = Release|Any CPU
	EndGlobalSection
	GlobalSection(SolutionProperties) = preSolution
		HideSolutionNode = FALSE
	EndGlobalSection
	GlobalSection(ExtensibilityGlobals) = postSolution
		SolutionGuid = {8BCCB598-821D-4946-9CD8-19A0C30A66E9}
	EndGlobalSection
EndGlobal
